
Microsoft Visual Studio Solution File, Format Version 12.00
# Visual Studio 2013
VisualStudioVersion = 12.0.30501.0
MinimumVisualStudioVersion = 10.0.40219.1
Project("{FAE04EC0-301F-11D3-BF4B-00C04F79EFBC}") = "ALGraph", "ALGraph\ALGraph.csproj", "{6B4D92DA-B5A5-402E-B25D-39D359960E56}"
EndProject
Project("{FAE04EC0-301F-11D3-BF4B-00C04F79EFBC}") = "calculator", "calculator\calculator.csproj", "{3142F2D7-9A05-480F-A4CE-804B61AD011D}"
EndProject
Project("{FAE04EC0-301F-11D3-BF4B-00C04F79EFBC}") = "Hammergo.Data", "Hammergo.Data\Hammergo.Data.csproj", "{FBE3B5D8-F573-4B9B-87C4-E50CF1A9A6A4}"
EndProject
Project("{FAE04EC0-301F-11D3-BF4B-00C04F79EFBC}") = "ImportFrom5X", "ImportFrom5X\ImportFrom5X.csproj", "{E21B46F9-34E9-4FAB-A5B0-7BA7A8E3370A}"
EndProject
Project("{FAE04EC0-301F-11D3-BF4B-00C04F79EFBC}") = "EF5x", "EF5x\EF5x.csproj", "{DD7EAD95-65A9-4198-B6F4-C9BA3281460B}"
EndProject
Project("{FAE04EC0-301F-11D3-BF4B-00C04F79EFBC}") = "DamServiceV3", "DamServiceV3\DamServiceV3.csproj", "{586A0EDE-A616-47B5-A731-BAE71035191A}"
EndProject
Project("{FAE04EC0-301F-11D3-BF4B-00C04F79EFBC}") = "DamServiceV3.Test", "DamServiceV3.Test\DamServiceV3.Test.csproj", "{0B475FDB-1254-4EF8-8239-836B9333EDC5}"
EndProject
Project("{FAE04EC0-301F-11D3-BF4B-00C04F79EFBC}") = "ViewModel", "ViewModel\ViewModel.csproj", "{CC059916-95FC-4479-B4C9-CDE25198EA00}"
EndProject
Project("{FAE04EC0-301F-11D3-BF4B-00C04F79EFBC}") = "GlobalConfig", "GlobalConfig\GlobalConfig.csproj", "{3D62488E-EBC5-45F3-8576-0DB33CE74E7F}"
EndProject
Project("{FAE04EC0-301F-11D3-BF4B-00C04F79EFBC}") = "Utility", "Utility\Utility.csproj", "{7242AD69-97BF-48EF-991F-18394D04CFB4}"
EndProject
Global
	GlobalSection(SolutionConfigurationPlatforms) = preSolution
		Debug|Any CPU = Debug|Any CPU
		Debug|x86 = Debug|x86
		Release|Any CPU = Release|Any CPU
		Release|x86 = Release|x86
	EndGlobalSection
	GlobalSection(ProjectConfigurationPlatforms) = postSolution
		{6B4D92DA-B5A5-402E-B25D-39D359960E56}.Debug|Any CPU.ActiveCfg = Debug|Any CPU
		{6B4D92DA-B5A5-402E-B25D-39D359960E56}.Debug|Any CPU.Build.0 = Debug|Any CPU
		{6B4D92DA-B5A5-402E-B25D-39D359960E56}.Debug|x86.ActiveCfg = Debug|x86
		{6B4D92DA-B5A5-402E-B25D-39D359960E56}.Debug|x86.Build.0 = Debug|x86
		{6B4D92DA-B5A5-402E-B25D-39D359960E56}.Release|Any CPU.ActiveCfg = Release|Any CPU
		{6B4D92DA-B5A5-402E-B25D-39D359960E56}.Release|Any CPU.Build.0 = Release|Any CPU
		{6B4D92DA-B5A5-402E-B25D-39D359960E56}.Release|x86.ActiveCfg = Release|x86
		{6B4D92DA-B5A5-402E-B25D-39D359960E56}.Release|x86.Build.0 = Release|x86
		{3142F2D7-9A05-480F-A4CE-804B61AD011D}.Debug|Any CPU.ActiveCfg = Debug|Any CPU
		{3142F2D7-9A05-480F-A4CE-804B61AD011D}.Debug|Any CPU.Build.0 = Debug|Any CPU
		{3142F2D7-9A05-480F-A4CE-804B61AD011D}.Debug|x86.ActiveCfg = Debug|x86
		{3142F2D7-9A05-480F-A4CE-804B61AD011D}.Debug|x86.Build.0 = Debug|x86
		{3142F2D7-9A05-480F-A4CE-804B61AD011D}.Release|Any CPU.ActiveCfg = Release|Any CPU
		{3142F2D7-9A05-480F-A4CE-804B61AD011D}.Release|Any CPU.Build.0 = Release|Any CPU
		{3142F2D7-9A05-480F-A4CE-804B61AD011D}.Release|x86.ActiveCfg = Release|x86
		{3142F2D7-9A05-480F-A4CE-804B61AD011D}.Release|x86.Build.0 = Release|x86
		{FBE3B5D8-F573-4B9B-87C4-E50CF1A9A6A4}.Debug|Any CPU.ActiveCfg = Debug|Any CPU
		{FBE3B5D8-F573-4B9B-87C4-E50CF1A9A6A4}.Debug|Any CPU.Build.0 = Debug|Any CPU
		{FBE3B5D8-F573-4B9B-87C4-E50CF1A9A6A4}.Debug|x86.ActiveCfg = Debug|Any CPU
		{FBE3B5D8-F573-4B9B-87C4-E50CF1A9A6A4}.Release|Any CPU.ActiveCfg = Release|Any CPU
		{FBE3B5D8-F573-4B9B-87C4-E50CF1A9A6A4}.Release|Any CPU.Build.0 = Release|Any CPU
		{FBE3B5D8-F573-4B9B-87C4-E50CF1A9A6A4}.Release|x86.ActiveCfg = Release|Any CPU
		{E21B46F9-34E9-4FAB-A5B0-7BA7A8E3370A}.Debug|Any CPU.ActiveCfg = Debug|Any CPU
		{E21B46F9-34E9-4FAB-A5B0-7BA7A8E3370A}.Debug|Any CPU.Build.0 = Debug|Any CPU
		{E21B46F9-34E9-4FAB-A5B0-7BA7A8E3370A}.Debug|x86.ActiveCfg = Debug|Any CPU
		{E21B46F9-34E9-4FAB-A5B0-7BA7A8E3370A}.Release|Any CPU.ActiveCfg = Release|Any CPU
		{E21B46F9-34E9-4FAB-A5B0-7BA7A8E3370A}.Release|Any CPU.Build.0 = Release|Any CPU
		{E21B46F9-34E9-4FAB-A5B0-7BA7A8E3370A}.Release|x86.ActiveCfg = Release|Any CPU
		{DD7EAD95-65A9-4198-B6F4-C9BA3281460B}.Debug|Any CPU.ActiveCfg = Debug|Any CPU
		{DD7EAD95-65A9-4198-B6F4-C9BA3281460B}.Debug|Any CPU.Build.0 = Debug|Any CPU
		{DD7EAD95-65A9-4198-B6F4-C9BA3281460B}.Debug|x86.ActiveCfg = Debug|Any CPU
		{DD7EAD95-65A9-4198-B6F4-C9BA3281460B}.Release|Any CPU.ActiveCfg = Release|Any CPU
		{DD7EAD95-65A9-4198-B6F4-C9BA3281460B}.Release|Any CPU.Build.0 = Release|Any CPU
		{DD7EAD95-65A9-4198-B6F4-C9BA3281460B}.Release|x86.ActiveCfg = Release|Any CPU
		{586A0EDE-A616-47B5-A731-BAE71035191A}.Debug|Any CPU.ActiveCfg = Debug|Any CPU
		{586A0EDE-A616-47B5-A731-BAE71035191A}.Debug|Any CPU.Build.0 = Debug|Any CPU
		{586A0EDE-A616-47B5-A731-BAE71035191A}.Debug|x86.ActiveCfg = Debug|Any CPU
		{586A0EDE-A616-47B5-A731-BAE71035191A}.Release|Any CPU.ActiveCfg = Release|Any CPU
		{586A0EDE-A616-47B5-A731-BAE71035191A}.Release|Any CPU.Build.0 = Release|Any CPU
		{586A0EDE-A616-47B5-A731-BAE71035191A}.Release|x86.ActiveCfg = Release|Any CPU
		{0B475FDB-1254-4EF8-8239-836B9333EDC5}.Debug|Any CPU.ActiveCfg = Debug|Any CPU
		{0B475FDB-1254-4EF8-8239-836B9333EDC5}.Debug|Any CPU.Build.0 = Debug|Any CPU
		{0B475FDB-1254-4EF8-8239-836B9333EDC5}.Debug|x86.ActiveCfg = Debug|Any CPU
		{0B475FDB-1254-4EF8-8239-836B9333EDC5}.Release|Any CPU.ActiveCfg = Release|Any CPU
		{0B475FDB-1254-4EF8-8239-836B9333EDC5}.Release|Any CPU.Build.0 = Release|Any CPU
		{0B475FDB-1254-4EF8-8239-836B9333EDC5}.Release|x86.ActiveCfg = Release|Any CPU
		{CC059916-95FC-4479-B4C9-CDE25198EA00}.Debug|Any CPU.ActiveCfg = Debug|Any CPU
		{CC059916-95FC-4479-B4C9-CDE25198EA00}.Debug|Any CPU.Build.0 = Debug|Any CPU
		{CC059916-95FC-4479-B4C9-CDE25198EA00}.Debug|x86.ActiveCfg = Debug|Any CPU
		{CC059916-95FC-4479-B4C9-CDE25198EA00}.Release|Any CPU.ActiveCfg = Release|Any CPU
		{CC059916-95FC-4479-B4C9-CDE25198EA00}.Release|Any CPU.Build.0 = Release|Any CPU
		{CC059916-95FC-4479-B4C9-CDE25198EA00}.Release|x86.ActiveCfg = Release|Any CPU
		{3D62488E-EBC5-45F3-8576-0DB33CE74E7F}.Debug|Any CPU.ActiveCfg = Debug|Any CPU
		{3D62488E-EBC5-45F3-8576-0DB33CE74E7F}.Debug|Any CPU.Build.0 = Debug|Any CPU
		{3D62488E-EBC5-45F3-8576-0DB33CE74E7F}.Debug|x86.ActiveCfg = Debug|x86
		{3D62488E-EBC5-45F3-8576-0DB33CE74E7F}.Debug|x86.Build.0 = Debug|x86
		{3D62488E-EBC5-45F3-8576-0DB33CE74E7F}.Release|Any CPU.ActiveCfg = Release|Any CPU
		{3D62488E-EBC5-45F3-8576-0DB33CE74E7F}.Release|Any CPU.Build.0 = Release|Any CPU
		{3D62488E-EBC5-45F3-8576-0DB33CE74E7F}.Release|x86.ActiveCfg = Release|x86
		{3D62488E-EBC5-45F3-8576-0DB33CE74E7F}.Release|x86.Build.0 = Release|x86
		{7242AD69-97BF-48EF-991F-18394D04CFB4}.Debug|Any CPU.ActiveCfg = Debug|Any CPU
		{7242AD69-97BF-48EF-991F-18394D04CFB4}.Debug|Any CPU.Build.0 = Debug|Any CPU
		{7242AD69-97BF-48EF-991F-18394D04CFB4}.Debug|x86.ActiveCfg = Debug|Any CPU
		{7242AD69-97BF-48EF-991F-18394D04CFB4}.Release|Any CPU.ActiveCfg = Release|Any CPU
		{7242AD69-97BF-48EF-991F-18394D04CFB4}.Release|Any CPU.Build.0 = Release|Any CPU
		{7242AD69-97BF-48EF-991F-18394D04CFB4}.Release|x86.ActiveCfg = Release|Any CPU
	EndGlobalSection
	GlobalSection(SolutionProperties) = preSolution
		HideSolutionNode = FALSE
	EndGlobalSection
EndGlobal
